
Microsoft Visual Studio Solution File, Format Version 12.00
# Visual Studio Version 17
VisualStudioVersion = 17.2.32630.192
MinimumVisualStudioVersion = 10.0.40219.1
Project("{FAE04EC0-301F-11D3-BF4B-00C04F79EFBC}") = "CoWS.Web.Logging", "CoWS.Web.Logging\CoWS.Web.Logging.csproj", "{18D2FF20-1DBE-4C8A-B6C0-2CACAADEA2EA}"
EndProject
Project("{FAE04EC0-301F-11D3-BF4B-00C04F79EFBC}") = "CoWS.CSVP", "CoWS.CSVP\CoWS.CSVP.csproj", "{4F2A8DB5-885C-489B-BAC5-CADB682D8432}"
EndProject
Global
	GlobalSection(SolutionConfigurationPlatforms) = preSolution
		Debug|Any CPU = Debug|Any CPU
		Release|Any CPU = Release|Any CPU
	EndGlobalSection
	GlobalSection(ProjectConfigurationPlatforms) = postSolution
		{18D2FF20-1DBE-4C8A-B6C0-2CACAADEA2EA}.Debug|Any CPU.ActiveCfg = Debug|Any CPU
		{18D2FF20-1DBE-4C8A-B6C0-2CACAADEA2EA}.Debug|Any CPU.Build.0 = Debug|Any CPU
		{18D2FF20-1DBE-4C8A-B6C0-2CACAADEA2EA}.Release|Any CPU.ActiveCfg = Release|Any CPU
		{18D2FF20-1DBE-4C8A-B6C0-2CACAADEA2EA}.Release|Any CPU.Build.0 = Release|Any CPU
		{4F2A8DB5-885C-489B-BAC5-CADB682D8432}.Debug|Any CPU.ActiveCfg = Debug|Any CPU
		{4F2A8DB5-885C-489B-BAC5-CADB682D8432}.Debug|Any CPU.Build.0 = Debug|Any CPU
		{4F2A8DB5-885C-489B-BAC5-CADB682D8432}.Release|Any CPU.ActiveCfg = Release|Any CPU
		{4F2A8DB5-885C-489B-BAC5-CADB682D8432}.Release|Any CPU.Build.0 = Release|Any CPU
	EndGlobalSection
	GlobalSection(SolutionProperties) = preSolution
		HideSolutionNode = FALSE
	EndGlobalSection
	GlobalSection(ExtensibilityGlobals) = postSolution
		SolutionGuid = {A80F9AFE-C470-48DE-AFBC-4654698A4FFA}
	EndGlobalSection
EndGlobal
